
Microsoft Visual Studio Solution File, Format Version 12.00
# Visual Studio 15
VisualStudioVersion = 15.0.28307.1169
MinimumVisualStudioVersion = 10.0.40219.1
Project("{9A19103F-16F7-4668-BE54-9A1E7A4F7556}") = "Employee.API", "Employee\Employee.API.csproj", "{DADF95A5-DCD2-435D-8D58-02F9771922D0}"
EndProject
Project("{FAE04EC0-301F-11D3-BF4B-00C04F79EFBC}") = "Employee.Models", "Employee.Models\Employee.Models.csproj", "{009E8EDB-15FB-42CE-98A9-3D5EC15C5E6B}"
EndProject
Project("{FAE04EC0-301F-11D3-BF4B-00C04F79EFBC}") = "Employee.Repository", "Employee.Repository\Employee.Repository.csproj", "{4113AE07-4897-471D-9A41-D0C633DFF30C}"
EndProject
Global
	GlobalSection(SolutionConfigurationPlatforms) = preSolution
		Debug|Any CPU = Debug|Any CPU
		Release|Any CPU = Release|Any CPU
	EndGlobalSection
	GlobalSection(ProjectConfigurationPlatforms) = postSolution
		{DADF95A5-DCD2-435D-8D58-02F9771922D0}.Debug|Any CPU.ActiveCfg = Debug|Any CPU
		{DADF95A5-DCD2-435D-8D58-02F9771922D0}.Debug|Any CPU.Build.0 = Debug|Any CPU
		{DADF95A5-DCD2-435D-8D58-02F9771922D0}.Release|Any CPU.ActiveCfg = Release|Any CPU
		{DADF95A5-DCD2-435D-8D58-02F9771922D0}.Release|Any CPU.Build.0 = Release|Any CPU
		{009E8EDB-15FB-42CE-98A9-3D5EC15C5E6B}.Debug|Any CPU.ActiveCfg = Debug|Any CPU
		{009E8EDB-15FB-42CE-98A9-3D5EC15C5E6B}.Debug|Any CPU.Build.0 = Debug|Any CPU
		{009E8EDB-15FB-42CE-98A9-3D5EC15C5E6B}.Release|Any CPU.ActiveCfg = Release|Any CPU
		{009E8EDB-15FB-42CE-98A9-3D5EC15C5E6B}.Release|Any CPU.Build.0 = Release|Any CPU
		{4113AE07-4897-471D-9A41-D0C633DFF30C}.Debug|Any CPU.ActiveCfg = Debug|Any CPU
		{4113AE07-4897-471D-9A41-D0C633DFF30C}.Debug|Any CPU.Build.0 = Debug|Any CPU
		{4113AE07-4897-471D-9A41-D0C633DFF30C}.Release|Any CPU.ActiveCfg = Release|Any CPU
		{4113AE07-4897-471D-9A41-D0C633DFF30C}.Release|Any CPU.Build.0 = Release|Any CPU
	EndGlobalSection
	GlobalSection(SolutionProperties) = preSolution
		HideSolutionNode = FALSE
	EndGlobalSection
	GlobalSection(ExtensibilityGlobals) = postSolution
		SolutionGuid = {6B925B2E-9021-492A-9BFA-B3B58E721A3B}
	EndGlobalSection
EndGlobal
